
Microsoft Visual Studio Solution File, Format Version 12.00
# Visual Studio Version 17
VisualStudioVersion = 17.0.32014.148
MinimumVisualStudioVersion = 10.0.40219.1
Project("{9A19103F-16F7-4668-BE54-9A1E7A4F7556}") = "Incidencias.Server", "Server\Incidencias.Server.csproj", "{FAD6C2BD-237E-4593-BB5E-1309246BD2CF}"
EndProject
Project("{9A19103F-16F7-4668-BE54-9A1E7A4F7556}") = "Incidencias.Client", "Client\Incidencias.Client.csproj", "{F420BB4D-3832-4FAA-9E3C-749ED8FFF6F1}"
EndProject
Project("{9A19103F-16F7-4668-BE54-9A1E7A4F7556}") = "Incidencias.Shared", "Shared\Incidencias.Shared.csproj", "{EE129C7F-F1ED-4CF4-B77C-071C3D37176D}"
EndProject
Global
	GlobalSection(SolutionConfigurationPlatforms) = preSolution
		Debug|Any CPU = Debug|Any CPU
		Release|Any CPU = Release|Any CPU
	EndGlobalSection
	GlobalSection(ProjectConfigurationPlatforms) = postSolution
		{FAD6C2BD-237E-4593-BB5E-1309246BD2CF}.Debug|Any CPU.ActiveCfg = Debug|Any CPU
		{FAD6C2BD-237E-4593-BB5E-1309246BD2CF}.Debug|Any CPU.Build.0 = Debug|Any CPU
		{FAD6C2BD-237E-4593-BB5E-1309246BD2CF}.Release|Any CPU.ActiveCfg = Release|Any CPU
		{FAD6C2BD-237E-4593-BB5E-1309246BD2CF}.Release|Any CPU.Build.0 = Release|Any CPU
		{F420BB4D-3832-4FAA-9E3C-749ED8FFF6F1}.Debug|Any CPU.ActiveCfg = Debug|Any CPU
		{F420BB4D-3832-4FAA-9E3C-749ED8FFF6F1}.Debug|Any CPU.Build.0 = Debug|Any CPU
		{F420BB4D-3832-4FAA-9E3C-749ED8FFF6F1}.Release|Any CPU.ActiveCfg = Release|Any CPU
		{F420BB4D-3832-4FAA-9E3C-749ED8FFF6F1}.Release|Any CPU.Build.0 = Release|Any CPU
		{EE129C7F-F1ED-4CF4-B77C-071C3D37176D}.Debug|Any CPU.ActiveCfg = Debug|Any CPU
		{EE129C7F-F1ED-4CF4-B77C-071C3D37176D}.Debug|Any CPU.Build.0 = Debug|Any CPU
		{EE129C7F-F1ED-4CF4-B77C-071C3D37176D}.Release|Any CPU.ActiveCfg = Release|Any CPU
		{EE129C7F-F1ED-4CF4-B77C-071C3D37176D}.Release|Any CPU.Build.0 = Release|Any CPU
	EndGlobalSection
	GlobalSection(SolutionProperties) = preSolution
		HideSolutionNode = FALSE
	EndGlobalSection
	GlobalSection(ExtensibilityGlobals) = postSolution
		SolutionGuid = {8A9B9129-2C8C-4609-B8EE-F28982B6E398}
	EndGlobalSection
EndGlobal
